
Microsoft Visual Studio Solution File, Format Version 12.00
# Visual Studio Version 17
VisualStudioVersion = 17.10.35027.167
MinimumVisualStudioVersion = 10.0.40219.1
Project("{2150E333-8FDC-42A3-9474-1A3956D46DE8}") = "01-Presentation", "01-Presentation", "{1B1A2AAF-CED0-415B-8680-0644AC797F7D}"
EndProject
Project("{9A19103F-16F7-4668-BE54-9A1E7A4F7556}") = "TestChallenge", "01-Presentation\TestChallenge.csproj", "{1D55410C-2B30-475A-AC99-03DF9FDBF42C}"
EndProject
Project("{2150E333-8FDC-42A3-9474-1A3956D46DE8}") = "02-Application", "02-Application", "{0D40C2FC-351A-49B3-939F-9AD3B2056916}"
EndProject
Project("{2150E333-8FDC-42A3-9474-1A3956D46DE8}") = "03-Domain", "03-Domain", "{CFF67C99-DEB4-4741-92BC-3B463A9CF54E}"
EndProject
Project("{2150E333-8FDC-42A3-9474-1A3956D46DE8}") = "04-Infra", "04-Infra", "{025CFB2E-CB16-4C56-8983-5307E17ABEE5}"
EndProject
Project("{2150E333-8FDC-42A3-9474-1A3956D46DE8}") = "05-Test", "05-Test", "{AE43789C-F0BD-46DC-A165-0D63E369EE17}"
EndProject
Project("{2150E333-8FDC-42A3-9474-1A3956D46DE8}") = "4.1-CrossCutting", "4.1-CrossCutting", "{CE5F1F29-9B44-45B4-9EDF-2DC18E5275FB}"
EndProject
Project("{2150E333-8FDC-42A3-9474-1A3956D46DE8}") = "4.2-Data", "4.2-Data", "{1520F113-B5E8-47BF-B12E-721F9F368B87}"
EndProject
Project("{2150E333-8FDC-42A3-9474-1A3956D46DE8}") = "IoC", "IoC", "{840CE397-9C8E-4BC4-93A1-5534FA18D6A0}"
EndProject
Project("{9A19103F-16F7-4668-BE54-9A1E7A4F7556}") = "testchallenge.IoC", "04-Infra\4.1-CrossCutting\IoC\testchallenge.IoC.csproj", "{529A1C88-2F91-4001-A7EF-1C73562C3857}"
EndProject
Project("{9A19103F-16F7-4668-BE54-9A1E7A4F7556}") = "testchallenge.Data", "04-Infra\4.2-Data\testchallenge.Data.csproj", "{132B112B-1C45-4E16-A8FA-1AC753A0EEBF}"
EndProject
Project("{9A19103F-16F7-4668-BE54-9A1E7A4F7556}") = "testchallenge.Domain", "03-Domain\testchallenge.Domain.csproj", "{CE58DB4D-EFB3-46AC-86F2-4FD8A15435D6}"
EndProject
Project("{9A19103F-16F7-4668-BE54-9A1E7A4F7556}") = "testchallenge.Application", "02-Application\testchallenge.Application.csproj", "{7A23670A-C730-4CFA-93EA-A2EC1640B2CF}"
EndProject
Project("{9A19103F-16F7-4668-BE54-9A1E7A4F7556}") = "testchallenge.Tests", "05-Test\testchallenge.Tests.csproj", "{63574865-ECEB-40F5-8A59-35F3C2AB6B60}"
EndProject
Global
	GlobalSection(SolutionConfigurationPlatforms) = preSolution
		Debug|Any CPU = Debug|Any CPU
		Release|Any CPU = Release|Any CPU
	EndGlobalSection
	GlobalSection(ProjectConfigurationPlatforms) = postSolution
		{1D55410C-2B30-475A-AC99-03DF9FDBF42C}.Debug|Any CPU.ActiveCfg = Debug|Any CPU
		{1D55410C-2B30-475A-AC99-03DF9FDBF42C}.Debug|Any CPU.Build.0 = Debug|Any CPU
		{1D55410C-2B30-475A-AC99-03DF9FDBF42C}.Release|Any CPU.ActiveCfg = Release|Any CPU
		{1D55410C-2B30-475A-AC99-03DF9FDBF42C}.Release|Any CPU.Build.0 = Release|Any CPU
		{529A1C88-2F91-4001-A7EF-1C73562C3857}.Debug|Any CPU.ActiveCfg = Debug|Any CPU
		{529A1C88-2F91-4001-A7EF-1C73562C3857}.Debug|Any CPU.Build.0 = Debug|Any CPU
		{529A1C88-2F91-4001-A7EF-1C73562C3857}.Release|Any CPU.ActiveCfg = Release|Any CPU
		{529A1C88-2F91-4001-A7EF-1C73562C3857}.Release|Any CPU.Build.0 = Release|Any CPU
		{132B112B-1C45-4E16-A8FA-1AC753A0EEBF}.Debug|Any CPU.ActiveCfg = Debug|Any CPU
		{132B112B-1C45-4E16-A8FA-1AC753A0EEBF}.Debug|Any CPU.Build.0 = Debug|Any CPU
		{132B112B-1C45-4E16-A8FA-1AC753A0EEBF}.Release|Any CPU.ActiveCfg = Release|Any CPU
		{132B112B-1C45-4E16-A8FA-1AC753A0EEBF}.Release|Any CPU.Build.0 = Release|Any CPU
		{CE58DB4D-EFB3-46AC-86F2-4FD8A15435D6}.Debug|Any CPU.ActiveCfg = Debug|Any CPU
		{CE58DB4D-EFB3-46AC-86F2-4FD8A15435D6}.Debug|Any CPU.Build.0 = Debug|Any CPU
		{CE58DB4D-EFB3-46AC-86F2-4FD8A15435D6}.Release|Any CPU.ActiveCfg = Release|Any CPU
		{CE58DB4D-EFB3-46AC-86F2-4FD8A15435D6}.Release|Any CPU.Build.0 = Release|Any CPU
		{7A23670A-C730-4CFA-93EA-A2EC1640B2CF}.Debug|Any CPU.ActiveCfg = Debug|Any CPU
		{7A23670A-C730-4CFA-93EA-A2EC1640B2CF}.Debug|Any CPU.Build.0 = Debug|Any CPU
		{7A23670A-C730-4CFA-93EA-A2EC1640B2CF}.Release|Any CPU.ActiveCfg = Release|Any CPU
		{7A23670A-C730-4CFA-93EA-A2EC1640B2CF}.Release|Any CPU.Build.0 = Release|Any CPU
		{63574865-ECEB-40F5-8A59-35F3C2AB6B60}.Debug|Any CPU.ActiveCfg = Debug|Any CPU
		{63574865-ECEB-40F5-8A59-35F3C2AB6B60}.Debug|Any CPU.Build.0 = Debug|Any CPU
		{63574865-ECEB-40F5-8A59-35F3C2AB6B60}.Release|Any CPU.ActiveCfg = Release|Any CPU
		{63574865-ECEB-40F5-8A59-35F3C2AB6B60}.Release|Any CPU.Build.0 = Release|Any CPU
	EndGlobalSection
	GlobalSection(SolutionProperties) = preSolution
		HideSolutionNode = FALSE
	EndGlobalSection
	GlobalSection(NestedProjects) = preSolution
		{1D55410C-2B30-475A-AC99-03DF9FDBF42C} = {1B1A2AAF-CED0-415B-8680-0644AC797F7D}
		{CE5F1F29-9B44-45B4-9EDF-2DC18E5275FB} = {025CFB2E-CB16-4C56-8983-5307E17ABEE5}
		{1520F113-B5E8-47BF-B12E-721F9F368B87} = {025CFB2E-CB16-4C56-8983-5307E17ABEE5}
		{840CE397-9C8E-4BC4-93A1-5534FA18D6A0} = {CE5F1F29-9B44-45B4-9EDF-2DC18E5275FB}
		{529A1C88-2F91-4001-A7EF-1C73562C3857} = {840CE397-9C8E-4BC4-93A1-5534FA18D6A0}
		{132B112B-1C45-4E16-A8FA-1AC753A0EEBF} = {1520F113-B5E8-47BF-B12E-721F9F368B87}
		{CE58DB4D-EFB3-46AC-86F2-4FD8A15435D6} = {CFF67C99-DEB4-4741-92BC-3B463A9CF54E}
		{7A23670A-C730-4CFA-93EA-A2EC1640B2CF} = {0D40C2FC-351A-49B3-939F-9AD3B2056916}
		{63574865-ECEB-40F5-8A59-35F3C2AB6B60} = {AE43789C-F0BD-46DC-A165-0D63E369EE17}
	EndGlobalSection
	GlobalSection(ExtensibilityGlobals) = postSolution
		SolutionGuid = {4C4A8E99-3B0A-4C98-AE7F-5072E4E4FE9C}
	EndGlobalSection
EndGlobal
